
Microsoft Visual Studio Solution File, Format Version 12.00
Project("{FAE04EC0-301F-11D3-BF4B-00C04F79EFBC}") = "game", "game.csproj", "{0A00103F-FAF7-4051-8837-DB2D2A624560}"
EndProject
Global
	GlobalSection(SolutionConfigurationPlatforms) = preSolution
		Debug|Any CPU = Debug|Any CPU
		Release|Any CPU = Release|Any CPU
	EndGlobalSection
	GlobalSection(ProjectConfigurationPlatforms) = postSolution
		{0A00103F-FAF7-4051-8837-DB2D2A624560}.Debug|Any CPU.ActiveCfg = Debug|Any CPU
		{0A00103F-FAF7-4051-8837-DB2D2A624560}.Debug|Any CPU.Build.0 = Debug|Any CPU
		{0A00103F-FAF7-4051-8837-DB2D2A624560}.Release|Any CPU.ActiveCfg = Release|Any CPU
		{0A00103F-FAF7-4051-8837-DB2D2A624560}.Release|Any CPU.Build.0 = Release|Any CPU
	EndGlobalSection
EndGlobal
